// !$*UTF8*$!
{
	archiveVersion = 1;
	classes = {
	};
	objectVersion = 46;
	objects = {

/* Begin PBXBuildFile section */
		3F1AD6E41F4A189000A2DC24 /* ic_folder_black_24dp_2x.png in Resources */ = {isa = PBXBuildFile; fileRef = 3F1AD6E31F4A188C00A2DC24 /* ic_folder_black_24dp_2x.png */; };
		3F1AD6E61F4A198400A2DC24 /* ic_settings_black_24dp_2x.png in Resources */ = {isa = PBXBuildFile; fileRef = 3F1AD6E51F4A194E00A2DC24 /* ic_settings_black_24dp_2x.png */; };
		3F1AD6ED1F4A2E2E00A2DC24 /* CustomTableView.swift in Sources */ = {isa = PBXBuildFile; fileRef = 3F1AD6EC1F4A2E2E00A2DC24 /* CustomTableView.swift */; };
		3F1FD8D71E2BFEC100ACC72C /* HHSFileHelper.swift in Sources */ = {isa = PBXBuildFile; fileRef = 3F1FD8D61E2BFEC100ACC72C /* HHSFileHelper.swift */; };
		3F603C751EF8698B008B43DA /* FilesMover.swift in Sources */ = {isa = PBXBuildFile; fileRef = 3F603C741EF8698B008B43DA /* FilesMover.swift */; };
		3F694F6D1E2AC25A00B0C82B /* CollectionViewItem.swift in Sources */ = {isa = PBXBuildFile; fileRef = 3F694F6B1E2AC25A00B0C82B /* CollectionViewItem.swift */; };
		3F694F6E1E2AC25A00B0C82B /* CollectionViewItem.xib in Resources */ = {isa = PBXBuildFile; fileRef = 3F694F6C1E2AC25A00B0C82B /* CollectionViewItem.xib */; };
		3F694F701E2AC40800B0C82B /* ViewController + NSCollectionViewDataSource.swift in Sources */ = {isa = PBXBuildFile; fileRef = 3F694F6F1E2AC40800B0C82B /* ViewController + NSCollectionViewDataSource.swift */; };
		3F6AC49D1E2AB6A400DFFE82 /* AppDelegate.swift in Sources */ = {isa = PBXBuildFile; fileRef = 3F6AC49C1E2AB6A400DFFE82 /* AppDelegate.swift */; };
		3F6AC49F1E2AB6A400DFFE82 /* ViewController.swift in Sources */ = {isa = PBXBuildFile; fileRef = 3F6AC49E1E2AB6A400DFFE82 /* ViewController.swift */; };
		3F6AC4A11E2AB6A400DFFE82 /* Assets.xcassets in Resources */ = {isa = PBXBuildFile; fileRef = 3F6AC4A01E2AB6A400DFFE82 /* Assets.xcassets */; };
		3F6AC4A41E2AB6A400DFFE82 /* Main.storyboard in Resources */ = {isa = PBXBuildFile; fileRef = 3F6AC4A21E2AB6A400DFFE82 /* Main.storyboard */; };
		3F6AC4AF1E2AB6A400DFFE82 /* PictureDeskTests.swift in Sources */ = {isa = PBXBuildFile; fileRef = 3F6AC4AE1E2AB6A400DFFE82 /* PictureDeskTests.swift */; };
		3F6AC4BA1E2ABBEF00DFFE82 /* ImageDirectoryLoader.swift in Sources */ = {isa = PBXBuildFile; fileRef = 3F6AC4B91E2ABBEF00DFFE82 /* ImageDirectoryLoader.swift */; };
		3F6AC4BC1E2ABC0300DFFE82 /* ImageFile.swift in Sources */ = {isa = PBXBuildFile; fileRef = 3F6AC4BB1E2ABC0300DFFE82 /* ImageFile.swift */; };
		3FA64EC71EEDC26A002FE3C0 /* MainWindowController.swift in Sources */ = {isa = PBXBuildFile; fileRef = 3FA64EC61EEDC26A002FE3C0 /* MainWindowController.swift */; };
		3FA64EC91EEDC522002FE3C0 /* FolderRepository.swift in Sources */ = {isa = PBXBuildFile; fileRef = 3FA64EC81EEDC522002FE3C0 /* FolderRepository.swift */; };
		3FA64ECB1EEDC6ED002FE3C0 /* ViewController + NSTableViewDataSource.swift in Sources */ = {isa = PBXBuildFile; fileRef = 3FA64ECA1EEDC6ED002FE3C0 /* ViewController + NSTableViewDataSource.swift */; };
		3FA64ECE1EEDCA63002FE3C0 /* Changelog in Resources */ = {isa = PBXBuildFile; fileRef = 3FA64ECD1EEDCA63002FE3C0 /* Changelog */; };
		3FFC4C891E33CD1E00B49B86 /* AppsConfig.swift in Sources */ = {isa = PBXBuildFile; fileRef = 3FFC4C881E33CD1E00B49B86 /* AppsConfig.swift */; };
		3FFD47391F141D47000E398D /* CustomCollectionView.swift in Sources */ = {isa = PBXBuildFile; fileRef = 3FFD47381F141D47000E398D /* CustomCollectionView.swift */; };
		3FFD473C1F142010000E398D /* KeyPressedProtocol.swift in Sources */ = {isa = PBXBuildFile; fileRef = 3FFD473B1F142010000E398D /* KeyPressedProtocol.swift */; };
		3FFD473E1F142399000E398D /* ViewController + QLPreviewPanelDataSource.swift in Sources */ = {isa = PBXBuildFile; fileRef = 3FFD473D1F142399000E398D /* ViewController + QLPreviewPanelDataSource.swift */; };
/* End PBXBuildFile section */

/* Begin PBXContainerItemProxy section */
		3F6AC4AB1E2AB6A400DFFE82 /* PBXContainerItemProxy */ = {
			isa = PBXContainerItemProxy;
			containerPortal = 3F6AC4911E2AB6A400DFFE82 /* Project object */;
			proxyType = 1;
			remoteGlobalIDString = 3F6AC4981E2AB6A400DFFE82;
			remoteInfo = PictureDesk;
		};
/* End PBXContainerItemProxy section */

/* Begin PBXFileReference section */
		3F1AD6E31F4A188C00A2DC24 /* ic_folder_black_24dp_2x.png */ = {isa = PBXFileReference; lastKnownFileType = image.png; path = ic_folder_black_24dp_2x.png; sourceTree = "<group>"; };
		3F1AD6E51F4A194E00A2DC24 /* ic_settings_black_24dp_2x.png */ = {isa = PBXFileReference; lastKnownFileType = image.png; path = ic_settings_black_24dp_2x.png; sourceTree = "<group>"; };
		3F1AD6EC1F4A2E2E00A2DC24 /* CustomTableView.swift */ = {isa = PBXFileReference; lastKnownFileType = sourcecode.swift; path = CustomTableView.swift; sourceTree = "<group>"; };
		3F1FD8D61E2BFEC100ACC72C /* HHSFileHelper.swift */ = {isa = PBXFileReference; fileEncoding = 4; lastKnownFileType = sourcecode.swift; path = HHSFileHelper.swift; sourceTree = "<group>"; };
		3F603C741EF8698B008B43DA /* FilesMover.swift */ = {isa = PBXFileReference; fileEncoding = 4; lastKnownFileType = sourcecode.swift; path = FilesMover.swift; sourceTree = "<group>"; };
		3F694F6B1E2AC25A00B0C82B /* CollectionViewItem.swift */ = {isa = PBXFileReference; fileEncoding = 4; lastKnownFileType = sourcecode.swift; path = CollectionViewItem.swift; sourceTree = "<group>"; };
		3F694F6C1E2AC25A00B0C82B /* CollectionViewItem.xib */ = {isa = PBXFileReference; fileEncoding = 4; lastKnownFileType = file.xib; path = CollectionViewItem.xib; sourceTree = "<group>"; };
		3F694F6F1E2AC40800B0C82B /* ViewController + NSCollectionViewDataSource.swift */ = {isa = PBXFileReference; fileEncoding = 4; lastKnownFileType = sourcecode.swift; path = "ViewController + NSCollectionViewDataSource.swift"; sourceTree = "<group>"; };
		3F6AC4991E2AB6A400DFFE82 /* PictureDesk.app */ = {isa = PBXFileReference; explicitFileType = wrapper.application; includeInIndex = 0; path = PictureDesk.app; sourceTree = BUILT_PRODUCTS_DIR; };
		3F6AC49C1E2AB6A400DFFE82 /* AppDelegate.swift */ = {isa = PBXFileReference; lastKnownFileType = sourcecode.swift; path = AppDelegate.swift; sourceTree = "<group>"; };
		3F6AC49E1E2AB6A400DFFE82 /* ViewController.swift */ = {isa = PBXFileReference; lastKnownFileType = sourcecode.swift; path = ViewController.swift; sourceTree = "<group>"; };
		3F6AC4A01E2AB6A400DFFE82 /* Assets.xcassets */ = {isa = PBXFileReference; lastKnownFileType = folder.assetcatalog; path = Assets.xcassets; sourceTree = "<group>"; };
		3F6AC4A31E2AB6A400DFFE82 /* Base */ = {isa = PBXFileReference; lastKnownFileType = file.storyboard; name = Base; path = Base.lproj/Main.storyboard; sourceTree = "<group>"; };
		3F6AC4A51E2AB6A400DFFE82 /* Info.plist */ = {isa = PBXFileReference; lastKnownFileType = text.plist.xml; path = Info.plist; sourceTree = "<group>"; };
		3F6AC4AA1E2AB6A400DFFE82 /* PictureDeskTests.xctest */ = {isa = PBXFileReference; explicitFileType = wrapper.cfbundle; includeInIndex = 0; path = PictureDeskTests.xctest; sourceTree = BUILT_PRODUCTS_DIR; };
		3F6AC4AE1E2AB6A400DFFE82 /* PictureDeskTests.swift */ = {isa = PBXFileReference; lastKnownFileType = sourcecode.swift; path = PictureDeskTests.swift; sourceTree = "<group>"; };
		3F6AC4B01E2AB6A400DFFE82 /* Info.plist */ = {isa = PBXFileReference; lastKnownFileType = text.plist.xml; path = Info.plist; sourceTree = "<group>"; };
		3F6AC4B91E2ABBEF00DFFE82 /* ImageDirectoryLoader.swift */ = {isa = PBXFileReference; fileEncoding = 4; lastKnownFileType = sourcecode.swift; path = ImageDirectoryLoader.swift; sourceTree = "<group>"; };
		3F6AC4BB1E2ABC0300DFFE82 /* ImageFile.swift */ = {isa = PBXFileReference; fileEncoding = 4; lastKnownFileType = sourcecode.swift; path = ImageFile.swift; sourceTree = "<group>"; };
		3FA64EC61EEDC26A002FE3C0 /* MainWindowController.swift */ = {isa = PBXFileReference; fileEncoding = 4; lastKnownFileType = sourcecode.swift; path = MainWindowController.swift; sourceTree = "<group>"; };
		3FA64EC81EEDC522002FE3C0 /* FolderRepository.swift */ = {isa = PBXFileReference; fileEncoding = 4; lastKnownFileType = sourcecode.swift; path = FolderRepository.swift; sourceTree = "<group>"; };
		3FA64ECA1EEDC6ED002FE3C0 /* ViewController + NSTableViewDataSource.swift */ = {isa = PBXFileReference; fileEncoding = 4; lastKnownFileType = sourcecode.swift; path = "ViewController + NSTableViewDataSource.swift"; sourceTree = "<group>"; };
		3FA64ECD1EEDCA63002FE3C0 /* Changelog */ = {isa = PBXFileReference; fileEncoding = 4; lastKnownFileType = text; path = Changelog; sourceTree = "<group>"; };
		3FFC4C881E33CD1E00B49B86 /* AppsConfig.swift */ = {isa = PBXFileReference; fileEncoding = 4; lastKnownFileType = sourcecode.swift; path = AppsConfig.swift; sourceTree = "<group>"; };
		3FFD47381F141D47000E398D /* CustomCollectionView.swift */ = {isa = PBXFileReference; lastKnownFileType = sourcecode.swift; path = CustomCollectionView.swift; sourceTree = "<group>"; };
		3FFD473B1F142010000E398D /* KeyPressedProtocol.swift */ = {isa = PBXFileReference; lastKnownFileType = sourcecode.swift; path = KeyPressedProtocol.swift; sourceTree = "<group>"; };
		3FFD473D1F142399000E398D /* ViewController + QLPreviewPanelDataSource.swift */ = {isa = PBXFileReference; lastKnownFileType = sourcecode.swift; path = "ViewController + QLPreviewPanelDataSource.swift"; sourceTree = "<group>"; };
/* End PBXFileReference section */

/* Begin PBXFrameworksBuildPhase section */
		3F6AC4961E2AB6A400DFFE82 /* Frameworks */ = {
			isa = PBXFrameworksBuildPhase;
			buildActionMask = 2147483647;
			files = (
			);
			runOnlyForDeploymentPostprocessing = 0;
		};
		3F6AC4A71E2AB6A400DFFE82 /* Frameworks */ = {
			isa = PBXFrameworksBuildPhase;
			buildActionMask = 2147483647;
			files = (
			);
			runOnlyForDeploymentPostprocessing = 0;
		};
/* End PBXFrameworksBuildPhase section */

/* Begin PBXGroup section */
		3F1AD6E01F4A180000A2DC24 /* Images */ = {
			isa = PBXGroup;
			children = (
				3F1AD6E51F4A194E00A2DC24 /* ic_settings_black_24dp_2x.png */,
				3F1AD6E31F4A188C00A2DC24 /* ic_folder_black_24dp_2x.png */,
			);
			path = Images;
			sourceTree = "<group>";
		};
		3F1AD6E91F4A2A6200A2DC24 /* Custom Controlls */ = {
			isa = PBXGroup;
			children = (
				3FFD47381F141D47000E398D /* CustomCollectionView.swift */,
				3F1AD6EC1F4A2E2E00A2DC24 /* CustomTableView.swift */,
			);
			path = "Custom Controlls";
			sourceTree = "<group>";
		};
		3F6AC4901E2AB6A400DFFE82 = {
			isa = PBXGroup;
			children = (
				3FA64ECD1EEDCA63002FE3C0 /* Changelog */,
				3F6AC49B1E2AB6A400DFFE82 /* PictureDesk */,
				3F6AC4AD1E2AB6A400DFFE82 /* PictureDeskTests */,
				3F6AC49A1E2AB6A400DFFE82 /* Products */,
			);
			sourceTree = "<group>";
		};
		3F6AC49A1E2AB6A400DFFE82 /* Products */ = {
			isa = PBXGroup;
			children = (
				3F6AC4991E2AB6A400DFFE82 /* PictureDesk.app */,
				3F6AC4AA1E2AB6A400DFFE82 /* PictureDeskTests.xctest */,
			);
			name = Products;
			sourceTree = "<group>";
		};
		3F6AC49B1E2AB6A400DFFE82 /* PictureDesk */ = {
			isa = PBXGroup;
			children = (
				3FA64ECC1EEDC752002FE3C0 /* ViewController */,
				3FFD473A1F141E6C000E398D /* CollectiomView */,
				3F6AC49C1E2AB6A400DFFE82 /* AppDelegate.swift */,
				3F6AC4B91E2ABBEF00DFFE82 /* ImageDirectoryLoader.swift */,
				3F6AC4BB1E2ABC0300DFFE82 /* ImageFile.swift */,
				3F1FD8D61E2BFEC100ACC72C /* HHSFileHelper.swift */,
				3F6AC4A01E2AB6A400DFFE82 /* Assets.xcassets */,
				3F6AC4A21E2AB6A400DFFE82 /* Main.storyboard */,
				3F6AC4A51E2AB6A400DFFE82 /* Info.plist */,
				3FFC4C881E33CD1E00B49B86 /* AppsConfig.swift */,
				3FA64EC61EEDC26A002FE3C0 /* MainWindowController.swift */,
				3FA64EC81EEDC522002FE3C0 /* FolderRepository.swift */,
				3F603C741EF8698B008B43DA /* FilesMover.swift */,
				3F1AD6E91F4A2A6200A2DC24 /* Custom Controlls */,
				3F1AD6E01F4A180000A2DC24 /* Images */,
			);
			path = PictureDesk;
			sourceTree = "<group>";
		};
		3F6AC4AD1E2AB6A400DFFE82 /* PictureDeskTests */ = {
			isa = PBXGroup;
			children = (
				3F6AC4AE1E2AB6A400DFFE82 /* PictureDeskTests.swift */,
				3F6AC4B01E2AB6A400DFFE82 /* Info.plist */,
			);
			path = PictureDeskTests;
			sourceTree = "<group>";
		};
		3FA64ECC1EEDC752002FE3C0 /* ViewController */ = {
			isa = PBXGroup;
			children = (
				3F6AC49E1E2AB6A400DFFE82 /* ViewController.swift */,
				3F694F6F1E2AC40800B0C82B /* ViewController + NSCollectionViewDataSource.swift */,
				3FA64ECA1EEDC6ED002FE3C0 /* ViewController + NSTableViewDataSource.swift */,
				3FFD473D1F142399000E398D /* ViewController + QLPreviewPanelDataSource.swift */,
			);
			name = ViewController;
			sourceTree = "<group>";
		};
		3FFD473A1F141E6C000E398D /* CollectiomView */ = {
			isa = PBXGroup;
			children = (
				3F694F6C1E2AC25A00B0C82B /* CollectionViewItem.xib */,
				3F694F6B1E2AC25A00B0C82B /* CollectionViewItem.swift */,
				3FFD473B1F142010000E398D /* KeyPressedProtocol.swift */,
			);
			path = CollectiomView;
			sourceTree = "<group>";
		};
/* End PBXGroup section */

/* Begin PBXNativeTarget section */
		3F6AC4981E2AB6A400DFFE82 /* PictureDesk */ = {
			isa = PBXNativeTarget;
			buildConfigurationList = 3F6AC4B31E2AB6A400DFFE82 /* Build configuration list for PBXNativeTarget "PictureDesk" */;
			buildPhases = (
				3F6AC4951E2AB6A400DFFE82 /* Sources */,
				3F6AC4961E2AB6A400DFFE82 /* Frameworks */,
				3F6AC4971E2AB6A400DFFE82 /* Resources */,
			);
			buildRules = (
			);
			dependencies = (
			);
			name = PictureDesk;
			productName = PictureDesk;
			productReference = 3F6AC4991E2AB6A400DFFE82 /* PictureDesk.app */;
			productType = "com.apple.product-type.application";
		};
		3F6AC4A91E2AB6A400DFFE82 /* PictureDeskTests */ = {
			isa = PBXNativeTarget;
			buildConfigurationList = 3F6AC4B61E2AB6A400DFFE82 /* Build configuration list for PBXNativeTarget "PictureDeskTests" */;
			buildPhases = (
				3F6AC4A61E2AB6A400DFFE82 /* Sources */,
				3F6AC4A71E2AB6A400DFFE82 /* Frameworks */,
				3F6AC4A81E2AB6A400DFFE82 /* Resources */,
			);
			buildRules = (
			);
			dependencies = (
				3F6AC4AC1E2AB6A400DFFE82 /* PBXTargetDependency */,
			);
			name = PictureDeskTests;
			productName = PictureDeskTests;
			productReference = 3F6AC4AA1E2AB6A400DFFE82 /* PictureDeskTests.xctest */;
			productType = "com.apple.product-type.bundle.unit-test";
		};
/* End PBXNativeTarget section */

/* Begin PBXProject section */
		3F6AC4911E2AB6A400DFFE82 /* Project object */ = {
			isa = PBXProject;
			attributes = {
				LastSwiftUpdateCheck = 0820;
				LastUpgradeCheck = 0930;
				ORGANIZATIONNAME = "Holger Hinzberg";
				TargetAttributes = {
					3F6AC4981E2AB6A400DFFE82 = {
						CreatedOnToolsVersion = 8.2.1;
						DevelopmentTeam = Q4JYUA6UF4;
						LastSwiftMigration = 0900;
						ProvisioningStyle = Automatic;
					};
					3F6AC4A91E2AB6A400DFFE82 = {
						CreatedOnToolsVersion = 8.2.1;
						DevelopmentTeam = Q4JYUA6UF4;
						LastSwiftMigration = 0900;
						ProvisioningStyle = Automatic;
						TestTargetID = 3F6AC4981E2AB6A400DFFE82;
					};
				};
			};
			buildConfigurationList = 3F6AC4941E2AB6A400DFFE82 /* Build configuration list for PBXProject "PictureDesk" */;
			compatibilityVersion = "Xcode 3.2";
			developmentRegion = English;
			hasScannedForEncodings = 0;
			knownRegions = (
				en,
				Base,
			);
			mainGroup = 3F6AC4901E2AB6A400DFFE82;
			productRefGroup = 3F6AC49A1E2AB6A400DFFE82 /* Products */;
			projectDirPath = "";
			projectRoot = "";
			targets = (
				3F6AC4981E2AB6A400DFFE82 /* PictureDesk */,
				3F6AC4A91E2AB6A400DFFE82 /* PictureDeskTests */,
			);
		};
/* End PBXProject section */

/* Begin PBXResourcesBuildPhase section */
		3F6AC4971E2AB6A400DFFE82 /* Resources */ = {
			isa = PBXResourcesBuildPhase;
			buildActionMask = 2147483647;
			files = (
				3F6AC4A11E2AB6A400DFFE82 /* Assets.xcassets in Resources */,
				3FA64ECE1EEDCA63002FE3C0 /* Changelog in Resources */,
				3F1AD6E61F4A198400A2DC24 /* ic_settings_black_24dp_2x.png in Resources */,
				3F6AC4A41E2AB6A400DFFE82 /* Main.storyboard in Resources */,
				3F1AD6E41F4A189000A2DC24 /* ic_folder_black_24dp_2x.png in Resources */,
				3F694F6E1E2AC25A00B0C82B /* CollectionViewItem.xib in Resources */,
			);
			runOnlyForDeploymentPostprocessing = 0;
		};
		3F6AC4A81E2AB6A400DFFE82 /* Resources */ = {
			isa = PBXResourcesBuildPhase;
			buildActionMask = 2147483647;
			files = (
			);
			runOnlyForDeploymentPostprocessing = 0;
		};
/* End PBXResourcesBuildPhase section */

/* Begin PBXSourcesBuildPhase section */
		3F6AC4951E2AB6A400DFFE82 /* Sources */ = {
			isa = PBXSourcesBuildPhase;
			buildActionMask = 2147483647;
			files = (
				3F6AC4BA1E2ABBEF00DFFE82 /* ImageDirectoryLoader.swift in Sources */,
				3F694F701E2AC40800B0C82B /* ViewController + NSCollectionViewDataSource.swift in Sources */,
				3F6AC4BC1E2ABC0300DFFE82 /* ImageFile.swift in Sources */,
				3FFD473E1F142399000E398D /* ViewController + QLPreviewPanelDataSource.swift in Sources */,
				3F6AC49F1E2AB6A400DFFE82 /* ViewController.swift in Sources */,
				3F694F6D1E2AC25A00B0C82B /* CollectionViewItem.swift in Sources */,
				3FFD47391F141D47000E398D /* CustomCollectionView.swift in Sources */,
				3FA64ECB1EEDC6ED002FE3C0 /* ViewController + NSTableViewDataSource.swift in Sources */,
				3FA64EC91EEDC522002FE3C0 /* FolderRepository.swift in Sources */,
				3FFC4C891E33CD1E00B49B86 /* AppsConfig.swift in Sources */,
				3F6AC49D1E2AB6A400DFFE82 /* AppDelegate.swift in Sources */,
				3F1FD8D71E2BFEC100ACC72C /* HHSFileHelper.swift in Sources */,
				3FA64EC71EEDC26A002FE3C0 /* MainWindowController.swift in Sources */,
				3FFD473C1F142010000E398D /* KeyPressedProtocol.swift in Sources */,
				3F1AD6ED1F4A2E2E00A2DC24 /* CustomTableView.swift in Sources */,
				3F603C751EF8698B008B43DA /* FilesMover.swift in Sources */,
			);
			runOnlyForDeploymentPostprocessing = 0;
		};
		3F6AC4A61E2AB6A400DFFE82 /* Sources */ = {
			isa = PBXSourcesBuildPhase;
			buildActionMask = 2147483647;
			files = (
				3F6AC4AF1E2AB6A400DFFE82 /* PictureDeskTests.swift in Sources */,
			);
			runOnlyForDeploymentPostprocessing = 0;
		};
/* End PBXSourcesBuildPhase section */

/* Begin PBXTargetDependency section */
		3F6AC4AC1E2AB6A400DFFE82 /* PBXTargetDependency */ = {
			isa = PBXTargetDependency;
			target = 3F6AC4981E2AB6A400DFFE82 /* PictureDesk */;
			targetProxy = 3F6AC4AB1E2AB6A400DFFE82 /* PBXContainerItemProxy */;
		};
/* End PBXTargetDependency section */

/* Begin PBXVariantGroup section */
		3F6AC4A21E2AB6A400DFFE82 /* Main.storyboard */ = {
			isa = PBXVariantGroup;
			children = (
				3F6AC4A31E2AB6A400DFFE82 /* Base */,
			);
			name = Main.storyboard;
			sourceTree = "<group>";
		};
/* End PBXVariantGroup section */

/* Begin XCBuildConfiguration section */
		3F6AC4B11E2AB6A400DFFE82 /* Debug */ = {
			isa = XCBuildConfiguration;
			buildSettings = {
				ALWAYS_SEARCH_USER_PATHS = NO;
				CLANG_ANALYZER_NONNULL = YES;
				CLANG_CXX_LANGUAGE_STANDARD = "gnu++0x";
				CLANG_CXX_LIBRARY = "libc++";
				CLANG_ENABLE_MODULES = YES;
				CLANG_ENABLE_OBJC_ARC = YES;
				CLANG_WARN_BLOCK_CAPTURE_AUTORELEASING = YES;
				CLANG_WARN_BOOL_CONVERSION = YES;
				CLANG_WARN_COMMA = YES;
				CLANG_WARN_CONSTANT_CONVERSION = YES;
				CLANG_WARN_DEPRECATED_OBJC_IMPLEMENTATIONS = YES;
				CLANG_WARN_DIRECT_OBJC_ISA_USAGE = YES_ERROR;
				CLANG_WARN_DOCUMENTATION_COMMENTS = YES;
				CLANG_WARN_EMPTY_BODY = YES;
				CLANG_WARN_ENUM_CONVERSION = YES;
				CLANG_WARN_INFINITE_RECURSION = YES;
				CLANG_WARN_INT_CONVERSION = YES;
				CLANG_WARN_NON_LITERAL_NULL_CONVERSION = YES;
				CLANG_WARN_OBJC_IMPLICIT_RETAIN_SELF = YES;
				CLANG_WARN_OBJC_LITERAL_CONVERSION = YES;
				CLANG_WARN_OBJC_ROOT_CLASS = YES_ERROR;
				CLANG_WARN_RANGE_LOOP_ANALYSIS = YES;
				CLANG_WARN_STRICT_PROTOTYPES = YES;
				CLANG_WARN_SUSPICIOUS_MOVE = YES;
				CLANG_WARN_UNREACHABLE_CODE = YES;
				CLANG_WARN__DUPLICATE_METHOD_MATCH = YES;
				CODE_SIGN_IDENTITY = "-";
				COPY_PHASE_STRIP = NO;
				DEBUG_INFORMATION_FORMAT = dwarf;
				ENABLE_STRICT_OBJC_MSGSEND = YES;
				ENABLE_TESTABILITY = YES;
				GCC_C_LANGUAGE_STANDARD = gnu99;
				GCC_DYNAMIC_NO_PIC = NO;
				GCC_NO_COMMON_BLOCKS = YES;
				GCC_OPTIMIZATION_LEVEL = 0;
				GCC_PREPROCESSOR_DEFINITIONS = (
					"DEBUG=1",
					"$(inherited)",
				);
				GCC_WARN_64_TO_32_BIT_CONVERSION = YES;
				GCC_WARN_ABOUT_RETURN_TYPE = YES_ERROR;
				GCC_WARN_UNDECLARED_SELECTOR = YES;
				GCC_WARN_UNINITIALIZED_AUTOS = YES_AGGRESSIVE;
				GCC_WARN_UNUSED_FUNCTION = YES;
				GCC_WARN_UNUSED_VARIABLE = YES;
				MACOSX_DEPLOYMENT_TARGET = 10.12;
				MTL_ENABLE_DEBUG_INFO = YES;
				ONLY_ACTIVE_ARCH = YES;
				SDKROOT = macosx;
				SWIFT_ACTIVE_COMPILATION_CONDITIONS = DEBUG;
				SWIFT_OPTIMIZATION_LEVEL = "-Onone";
				SWIFT_VERSION = 4.0;
			};
			name = Debug;
		};
		3F6AC4B21E2AB6A400DFFE82 /* Release */ = {
			isa = XCBuildConfiguration;
			buildSettings = {
				ALWAYS_SEARCH_USER_PATHS = NO;
				CLANG_ANALYZER_NONNULL = YES;
				CLANG_CXX_LANGUAGE_STANDARD = "gnu++0x";
				CLANG_CXX_LIBRARY = "libc++";
				CLANG_ENABLE_MODULES = YES;
				CLANG_ENABLE_OBJC_ARC = YES;
				CLANG_WARN_BLOCK_CAPTURE_AUTORELEASING = YES;
				CLANG_WARN_BOOL_CONVERSION = YES;
				CLANG_WARN_COMMA = YES;
				CLANG_WARN_CONSTANT_CONVERSION = YES;
				CLANG_WARN_DEPRECATED_OBJC_IMPLEMENTATIONS = YES;
				CLANG_WARN_DIRECT_OBJC_ISA_USAGE = YES_ERROR;
				CLANG_WARN_DOCUMENTATION_COMMENTS = YES;
				CLANG_WARN_EMPTY_BODY = YES;
				CLANG_WARN_ENUM_CONVERSION = YES;
				CLANG_WARN_INFINITE_RECURSION = YES;
				CLANG_WARN_INT_CONVERSION = YES;
				CLANG_WARN_NON_LITERAL_NULL_CONVERSION = YES;
				CLANG_WARN_OBJC_IMPLICIT_RETAIN_SELF = YES;
				CLANG_WARN_OBJC_LITERAL_CONVERSION = YES;
				CLANG_WARN_OBJC_ROOT_CLASS = YES_ERROR;
				CLANG_WARN_RANGE_LOOP_ANALYSIS = YES;
				CLANG_WARN_STRICT_PROTOTYPES = YES;
				CLANG_WARN_SUSPICIOUS_MOVE = YES;
				CLANG_WARN_UNREACHABLE_CODE = YES;
				CLANG_WARN__DUPLICATE_METHOD_MATCH = YES;
				CODE_SIGN_IDENTITY = "-";
				COPY_PHASE_STRIP = NO;
				DEBUG_INFORMATION_FORMAT = "dwarf-with-dsym";
				ENABLE_NS_ASSERTIONS = NO;
				ENABLE_STRICT_OBJC_MSGSEND = YES;
				GCC_C_LANGUAGE_STANDARD = gnu99;
				GCC_NO_COMMON_BLOCKS = YES;
				GCC_WARN_64_TO_32_BIT_CONVERSION = YES;
				GCC_WARN_ABOUT_RETURN_TYPE = YES_ERROR;
				GCC_WARN_UNDECLARED_SELECTOR = YES;
				GCC_WARN_UNINITIALIZED_AUTOS = YES_AGGRESSIVE;
				GCC_WARN_UNUSED_FUNCTION = YES;
				GCC_WARN_UNUSED_VARIABLE = YES;
				MACOSX_DEPLOYMENT_TARGET = 10.12;
				MTL_ENABLE_DEBUG_INFO = NO;
				SDKROOT = macosx;
				SWIFT_OPTIMIZATION_LEVEL = "-Owholemodule";
				SWIFT_VERSION = 4.0;
			};
			name = Release;
		};
		3F6AC4B41E2AB6A400DFFE82 /* Debug */ = {
			isa = XCBuildConfiguration;
			buildSettings = {
				ASSETCATALOG_COMPILER_APPICON_NAME = AppIcon;
				COMBINE_HIDPI_IMAGES = YES;
				DEVELOPMENT_TEAM = Q4JYUA6UF4;
				INFOPLIST_FILE = PictureDesk/Info.plist;
				LD_RUNPATH_SEARCH_PATHS = "$(inherited) @executable_path/../Frameworks";
				PRODUCT_BUNDLE_IDENTIFIER = "cocoa-coding.de.PictureDesk";
				PRODUCT_NAME = "$(TARGET_NAME)";
				SWIFT_SWIFT3_OBJC_INFERENCE = Default;
				SWIFT_VERSION = 4.0;
			};
			name = Debug;
		};
		3F6AC4B51E2AB6A400DFFE82 /* Release */ = {
			isa = XCBuildConfiguration;
			buildSettings = {
				ASSETCATALOG_COMPILER_APPICON_NAME = AppIcon;
				COMBINE_HIDPI_IMAGES = YES;
				DEVELOPMENT_TEAM = Q4JYUA6UF4;
				INFOPLIST_FILE = PictureDesk/Info.plist;
				LD_RUNPATH_SEARCH_PATHS = "$(inherited) @executable_path/../Frameworks";
				PRODUCT_BUNDLE_IDENTIFIER = "cocoa-coding.de.PictureDesk";
				PRODUCT_NAME = "$(TARGET_NAME)";
				SWIFT_SWIFT3_OBJC_INFERENCE = Default;
				SWIFT_VERSION = 4.0;
			};
			name = Release;
		};
		3F6AC4B71E2AB6A400DFFE82 /* Debug */ = {
			isa = XCBuildConfiguration;
			buildSettings = {
				ALWAYS_EMBED_SWIFT_STANDARD_LIBRARIES = YES;
				BUNDLE_LOADER = "$(TEST_HOST)";
				COMBINE_HIDPI_IMAGES = YES;
				DEVELOPMENT_TEAM = Q4JYUA6UF4;
				INFOPLIST_FILE = PictureDeskTests/Info.plist;
				LD_RUNPATH_SEARCH_PATHS = "$(inherited) @executable_path/../Frameworks @loader_path/../Frameworks";
				PRODUCT_BUNDLE_IDENTIFIER = "cocoa-coding.de.PictureDeskTests";
				PRODUCT_NAME = "$(TARGET_NAME)";
				SWIFT_SWIFT3_OBJC_INFERENCE = On;
				SWIFT_VERSION = 4.0;
				TEST_HOST = "$(BUILT_PRODUCTS_DIR)/PictureDesk.app/Contents/MacOS/PictureDesk";
			};
			name = Debug;
		};
		3F6AC4B81E2AB6A400DFFE82 /* Release */ = {
			isa = XCBuildConfiguration;
			buildSettings = {
				ALWAYS_EMBED_SWIFT_STANDARD_LIBRARIES = YES;
				BUNDLE_LOADER = "$(TEST_HOST)";
				COMBINE_HIDPI_IMAGES = YES;
				DEVELOPMENT_TEAM = Q4JYUA6UF4;
				INFOPLIST_FILE = PictureDeskTests/Info.plist;
				LD_RUNPATH_SEARCH_PATHS = "$(inherited) @executable_path/../Frameworks @loader_path/../Frameworks";
				PRODUCT_BUNDLE_IDENTIFIER = "cocoa-coding.de.PictureDeskTests";
				PRODUCT_NAME = "$(TARGET_NAME)";
				SWIFT_SWIFT3_OBJC_INFERENCE = On;
				SWIFT_VERSION = 4.0;
				TEST_HOST = "$(BUILT_PRODUCTS_DIR)/PictureDesk.app/Contents/MacOS/PictureDesk";
			};
			name = Release;
		};
/* End XCBuildConfiguration section */

/* Begin XCConfigurationList section */
		3F6AC4941E2AB6A400DFFE82 /* Build configuration list for PBXProject "PictureDesk" */ = {
			isa = XCConfigurationList;
			buildConfigurations = (
				3F6AC4B11E2AB6A400DFFE82 /* Debug */,
				3F6AC4B21E2AB6A400DFFE82 /* Release */,
			);
			defaultConfigurationIsVisible = 0;
			defaultConfigurationName = Release;
		};
		3F6AC4B31E2AB6A400DFFE82 /* Build configuration list for PBXNativeTarget "PictureDesk" */ = {
			isa = XCConfigurationList;
			buildConfigurations = (
				3F6AC4B41E2AB6A400DFFE82 /* Debug */,
				3F6AC4B51E2AB6A400DFFE82 /* Release */,
			);
			defaultConfigurationIsVisible = 0;
			defaultConfigurationName = Release;
		};
		3F6AC4B61E2AB6A400DFFE82 /* Build configuration list for PBXNativeTarget "PictureDeskTests" */ = {
			isa = XCConfigurationList;
			buildConfigurations = (
				3F6AC4B71E2AB6A400DFFE82 /* Debug */,
				3F6AC4B81E2AB6A400DFFE82 /* Release */,
			);
			defaultConfigurationIsVisible = 0;
			defaultConfigurationName = Release;
		};
/* End XCConfigurationList section */
	};
	rootObject = 3F6AC4911E2AB6A400DFFE82 /* Project object */;
}
